
Microsoft Visual Studio Solution File, Format Version 12.00
# Visual Studio Version 17
VisualStudioVersion = 17.3.32901.215
MinimumVisualStudioVersion = 10.0.40219.1
Project("{FAE04EC0-301F-11D3-BF4B-00C04F79EFBC}") = "Karta Pracy 3", "Karta Pracy 3\Karta Pracy 3.csproj", "{00273C17-EC25-4ED2-86DD-498DA66A9CD7}"
EndProject
Global
	GlobalSection(SolutionConfigurationPlatforms) = preSolution
		Debug|Any CPU = Debug|Any CPU
		Release|Any CPU = Release|Any CPU
	EndGlobalSection
	GlobalSection(ProjectConfigurationPlatforms) = postSolution
		{00273C17-EC25-4ED2-86DD-498DA66A9CD7}.Debug|Any CPU.ActiveCfg = Debug|Any CPU
		{00273C17-EC25-4ED2-86DD-498DA66A9CD7}.Debug|Any CPU.Build.0 = Debug|Any CPU
		{00273C17-EC25-4ED2-86DD-498DA66A9CD7}.Release|Any CPU.ActiveCfg = Release|Any CPU
		{00273C17-EC25-4ED2-86DD-498DA66A9CD7}.Release|Any CPU.Build.0 = Release|Any CPU
	EndGlobalSection
	GlobalSection(SolutionProperties) = preSolution
		HideSolutionNode = FALSE
	EndGlobalSection
	GlobalSection(ExtensibilityGlobals) = postSolution
		SolutionGuid = {66C32AE5-9CB4-46E4-AF92-1FEA62243254}
	EndGlobalSection
EndGlobal
